
Microsoft Visual Studio Solution File, Format Version 12.00
# Visual Studio Version 16
VisualStudioVersion = 16.0.31112.23
MinimumVisualStudioVersion = 10.0.40219.1
Project("{FAE04EC0-301F-11D3-BF4B-00C04F79EFBC}") = "CCTVMaskDetection", "CCTVMaskDetection\CCTVMaskDetection.csproj", "{8EB7AA56-9101-40DF-92F9-5CA325F20323}"
EndProject
Project("{54435603-DBB4-11D2-8724-00A0C9A8B90C}") = "Setup", "Setup\Setup.vdproj", "{9DC6379B-A352-4455-B62E-A3F78F2DEE41}"
EndProject
Global
	GlobalSection(SolutionConfigurationPlatforms) = preSolution
		Debug|Any CPU = Debug|Any CPU
		Debug|x64 = Debug|x64
		Release|Any CPU = Release|Any CPU
		Release|x64 = Release|x64
	EndGlobalSection
	GlobalSection(ProjectConfigurationPlatforms) = postSolution
		{8EB7AA56-9101-40DF-92F9-5CA325F20323}.Debug|Any CPU.ActiveCfg = Debug|x64
		{8EB7AA56-9101-40DF-92F9-5CA325F20323}.Debug|x64.ActiveCfg = Debug|x64
		{8EB7AA56-9101-40DF-92F9-5CA325F20323}.Debug|x64.Build.0 = Debug|x64
		{8EB7AA56-9101-40DF-92F9-5CA325F20323}.Release|Any CPU.ActiveCfg = Release|x64
		{8EB7AA56-9101-40DF-92F9-5CA325F20323}.Release|x64.ActiveCfg = Release|x64
		{8EB7AA56-9101-40DF-92F9-5CA325F20323}.Release|x64.Build.0 = Release|x64
		{9DC6379B-A352-4455-B62E-A3F78F2DEE41}.Debug|Any CPU.ActiveCfg = Debug
		{9DC6379B-A352-4455-B62E-A3F78F2DEE41}.Debug|x64.ActiveCfg = Debug
		{9DC6379B-A352-4455-B62E-A3F78F2DEE41}.Release|Any CPU.ActiveCfg = Release
		{9DC6379B-A352-4455-B62E-A3F78F2DEE41}.Release|x64.ActiveCfg = Release
	EndGlobalSection
	GlobalSection(SolutionProperties) = preSolution
		HideSolutionNode = FALSE
	EndGlobalSection
	GlobalSection(ExtensibilityGlobals) = postSolution
		SolutionGuid = {E8B4F413-DF5F-4FEB-B6B8-3919E4E87172}
	EndGlobalSection
EndGlobal
